{
  "object": {
    "pins": [
      {
        "package": "VariadicViewBuilder",
        "repositoryURL": "https://github.com/nerdsupremacist/VariadicViewBuilder.git",
        "state": {
          "branch": null,
          "revision": "64d7e4c05ebf209671e99829250c62b93f0836ef",
          "version": "0.1.0"
        }
      }
    ]
  },
  "version": 1
}
